
Microsoft Visual Studio Solution File, Format Version 12.00
# Visual Studio Version 17
VisualStudioVersion = 17.8.34322.80
MinimumVisualStudioVersion = 10.0.40219.1
Project("{9A19103F-16F7-4668-BE54-9A1E7A4F7556}") = "Vereinsmeisterschaften", "Vereinsmeisterschaften\Vereinsmeisterschaften.csproj", "{B3F4B09F-81D6-4C32-B911-A91340EB6890}"
EndProject
Project("{9A19103F-16F7-4668-BE54-9A1E7A4F7556}") = "Vereinsmeisterschaften.Core", "Vereinsmeisterschaften.Core\Vereinsmeisterschaften.Core.csproj", "{099993D5-6154-4840-8B62-AB268E29531F}"
EndProject
Global
	GlobalSection(SolutionConfigurationPlatforms) = preSolution
		Debug|Any CPU = Debug|Any CPU
		Release|Any CPU = Release|Any CPU
	EndGlobalSection
	GlobalSection(ProjectConfigurationPlatforms) = postSolution
		{B3F4B09F-81D6-4C32-B911-A91340EB6890}.Debug|Any CPU.ActiveCfg = Debug|Any CPU
		{B3F4B09F-81D6-4C32-B911-A91340EB6890}.Debug|Any CPU.Build.0 = Debug|Any CPU
		{B3F4B09F-81D6-4C32-B911-A91340EB6890}.Release|Any CPU.ActiveCfg = Release|Any CPU
		{B3F4B09F-81D6-4C32-B911-A91340EB6890}.Release|Any CPU.Build.0 = Release|Any CPU
		{099993D5-6154-4840-8B62-AB268E29531F}.Debug|Any CPU.ActiveCfg = Debug|Any CPU
		{099993D5-6154-4840-8B62-AB268E29531F}.Debug|Any CPU.Build.0 = Debug|Any CPU
		{099993D5-6154-4840-8B62-AB268E29531F}.Release|Any CPU.ActiveCfg = Release|Any CPU
		{099993D5-6154-4840-8B62-AB268E29531F}.Release|Any CPU.Build.0 = Release|Any CPU
	EndGlobalSection
	GlobalSection(SolutionProperties) = preSolution
		HideSolutionNode = FALSE
	EndGlobalSection
	GlobalSection(ExtensibilityGlobals) = postSolution
		SolutionGuid = {F7C24828-AD71-4836-AACA-3BC2D1107C17}
	EndGlobalSection
EndGlobal
